// !$*UTF8*$!
{
	archiveVersion = 1;
	classes = {
	};
	objectVersion = 50;
	objects = {

/* Begin PBXBuildFile section */
		D74ADE6924E3411000C127A3 /* AppDelegate.swift in Sources */ = {isa = PBXBuildFile; fileRef = D74ADE6824E3411000C127A3 /* AppDelegate.swift */; };
		D74ADE7024E3411000C127A3 /* Main.storyboard in Resources */ = {isa = PBXBuildFile; fileRef = D74ADE6E24E3411000C127A3 /* Main.storyboard */; };
		D74ADE7224E3411400C127A3 /* Assets.xcassets in Resources */ = {isa = PBXBuildFile; fileRef = D74ADE7124E3411400C127A3 /* Assets.xcassets */; };
		D74ADE7524E3411400C127A3 /* LaunchScreen.storyboard in Resources */ = {isa = PBXBuildFile; fileRef = D74ADE7324E3411400C127A3 /* LaunchScreen.storyboard */; };
		D74ADE8024E3411500C127A3 /* VMStackTests.swift in Sources */ = {isa = PBXBuildFile; fileRef = D74ADE7F24E3411500C127A3 /* VMStackTests.swift */; };
		D74ADE8B24E3412B00C127A3 /* VMStack.swift in Sources */ = {isa = PBXBuildFile; fileRef = D74ADE8A24E3412B00C127A3 /* VMStack.swift */; };
		D7562C9A24FEF3BD009B9474 /* VMSortableStack.swift in Sources */ = {isa = PBXBuildFile; fileRef = D7562C9924FEF3BD009B9474 /* VMSortableStack.swift */; };
		D77FE80C251E3B88001AC19A /* VMStack.podspec in Resources */ = {isa = PBXBuildFile; fileRef = D77FE80B251E3B88001AC19A /* VMStack.podspec */; };
/* End PBXBuildFile section */

/* Begin PBXContainerItemProxy section */
		D74ADE7C24E3411500C127A3 /* PBXContainerItemProxy */ = {
			isa = PBXContainerItemProxy;
			containerPortal = D74ADE5D24E3410F00C127A3 /* Project object */;
			proxyType = 1;
			remoteGlobalIDString = D74ADE6424E3410F00C127A3;
			remoteInfo = VMStack;
		};
/* End PBXContainerItemProxy section */

/* Begin PBXFileReference section */
		D74ADE6524E3410F00C127A3 /* VMStack.app */ = {isa = PBXFileReference; explicitFileType = wrapper.application; includeInIndex = 0; path = VMStack.app; sourceTree = BUILT_PRODUCTS_DIR; };
		D74ADE6824E3411000C127A3 /* AppDelegate.swift */ = {isa = PBXFileReference; lastKnownFileType = sourcecode.swift; path = AppDelegate.swift; sourceTree = "<group>"; };
		D74ADE6F24E3411000C127A3 /* Base */ = {isa = PBXFileReference; lastKnownFileType = file.storyboard; name = Base; path = Base.lproj/Main.storyboard; sourceTree = "<group>"; };
		D74ADE7124E3411400C127A3 /* Assets.xcassets */ = {isa = PBXFileReference; lastKnownFileType = folder.assetcatalog; path = Assets.xcassets; sourceTree = "<group>"; };
		D74ADE7424E3411400C127A3 /* Base */ = {isa = PBXFileReference; lastKnownFileType = file.storyboard; name = Base; path = Base.lproj/LaunchScreen.storyboard; sourceTree = "<group>"; };
		D74ADE7624E3411400C127A3 /* Info.plist */ = {isa = PBXFileReference; lastKnownFileType = text.plist.xml; path = Info.plist; sourceTree = "<group>"; };
		D74ADE7B24E3411500C127A3 /* VMStackTests.xctest */ = {isa = PBXFileReference; explicitFileType = wrapper.cfbundle; includeInIndex = 0; path = VMStackTests.xctest; sourceTree = BUILT_PRODUCTS_DIR; };
		D74ADE7F24E3411500C127A3 /* VMStackTests.swift */ = {isa = PBXFileReference; lastKnownFileType = sourcecode.swift; path = VMStackTests.swift; sourceTree = "<group>"; };
		D74ADE8124E3411500C127A3 /* Info.plist */ = {isa = PBXFileReference; lastKnownFileType = text.plist.xml; path = Info.plist; sourceTree = "<group>"; };
		D74ADE8A24E3412B00C127A3 /* VMStack.swift */ = {isa = PBXFileReference; lastKnownFileType = sourcecode.swift; path = VMStack.swift; sourceTree = "<group>"; };
		D7562C9924FEF3BD009B9474 /* VMSortableStack.swift */ = {isa = PBXFileReference; lastKnownFileType = sourcecode.swift; path = VMSortableStack.swift; sourceTree = "<group>"; };
		D77FE80B251E3B88001AC19A /* VMStack.podspec */ = {isa = PBXFileReference; fileEncoding = 4; lastKnownFileType = text; path = VMStack.podspec; sourceTree = "<group>"; };
/* End PBXFileReference section */

/* Begin PBXFrameworksBuildPhase section */
		D74ADE6224E3410F00C127A3 /* Frameworks */ = {
			isa = PBXFrameworksBuildPhase;
			buildActionMask = 2147483647;
			files = (
			);
			runOnlyForDeploymentPostprocessing = 0;
		};
		D74ADE7824E3411500C127A3 /* Frameworks */ = {
			isa = PBXFrameworksBuildPhase;
			buildActionMask = 2147483647;
			files = (
			);
			runOnlyForDeploymentPostprocessing = 0;
		};
/* End PBXFrameworksBuildPhase section */

/* Begin PBXGroup section */
		D74ADE5C24E3410F00C127A3 = {
			isa = PBXGroup;
			children = (
				D74ADE6724E3410F00C127A3 /* VMStack */,
				D74ADE7E24E3411500C127A3 /* VMStackTests */,
				D74ADE6624E3410F00C127A3 /* Products */,
				D77FE80B251E3B88001AC19A /* VMStack.podspec */,
			);
			sourceTree = "<group>";
		};
		D74ADE6624E3410F00C127A3 /* Products */ = {
			isa = PBXGroup;
			children = (
				D74ADE6524E3410F00C127A3 /* VMStack.app */,
				D74ADE7B24E3411500C127A3 /* VMStackTests.xctest */,
			);
			name = Products;
			sourceTree = "<group>";
		};
		D74ADE6724E3410F00C127A3 /* VMStack */ = {
			isa = PBXGroup;
			children = (
				D7D0DC0C24E75E4100166E08 /* AppDelegate */,
				D74ADE8A24E3412B00C127A3 /* VMStack.swift */,
				D7562C9924FEF3BD009B9474 /* VMSortableStack.swift */,
				D7D0DC0D24E75E5800166E08 /* SupportingFiles */,
			);
			path = VMStack;
			sourceTree = "<group>";
		};
		D74ADE7E24E3411500C127A3 /* VMStackTests */ = {
			isa = PBXGroup;
			children = (
				D74ADE7F24E3411500C127A3 /* VMStackTests.swift */,
				D74ADE8124E3411500C127A3 /* Info.plist */,
			);
			path = VMStackTests;
			sourceTree = "<group>";
		};
		D7D0DC0C24E75E4100166E08 /* AppDelegate */ = {
			isa = PBXGroup;
			children = (
				D74ADE6824E3411000C127A3 /* AppDelegate.swift */,
			);
			name = AppDelegate;
			sourceTree = "<group>";
		};
		D7D0DC0D24E75E5800166E08 /* SupportingFiles */ = {
			isa = PBXGroup;
			children = (
				D74ADE6E24E3411000C127A3 /* Main.storyboard */,
				D74ADE7324E3411400C127A3 /* LaunchScreen.storyboard */,
				D74ADE7624E3411400C127A3 /* Info.plist */,
				D74ADE7124E3411400C127A3 /* Assets.xcassets */,
			);
			name = SupportingFiles;
			sourceTree = "<group>";
		};
/* End PBXGroup section */

/* Begin PBXNativeTarget section */
		D74ADE6424E3410F00C127A3 /* VMStack */ = {
			isa = PBXNativeTarget;
			buildConfigurationList = D74ADE8424E3411500C127A3 /* Build configuration list for PBXNativeTarget "VMStack" */;
			buildPhases = (
				D74ADE6124E3410F00C127A3 /* Sources */,
				D74ADE6224E3410F00C127A3 /* Frameworks */,
				D74ADE6324E3410F00C127A3 /* Resources */,
			);
			buildRules = (
			);
			dependencies = (
			);
			name = VMStack;
			productName = VMStack;
			productReference = D74ADE6524E3410F00C127A3 /* VMStack.app */;
			productType = "com.apple.product-type.application";
		};
		D74ADE7A24E3411500C127A3 /* VMStackTests */ = {
			isa = PBXNativeTarget;
			buildConfigurationList = D74ADE8724E3411500C127A3 /* Build configuration list for PBXNativeTarget "VMStackTests" */;
			buildPhases = (
				D74ADE7724E3411500C127A3 /* Sources */,
				D74ADE7824E3411500C127A3 /* Frameworks */,
				D74ADE7924E3411500C127A3 /* Resources */,
			);
			buildRules = (
			);
			dependencies = (
				D74ADE7D24E3411500C127A3 /* PBXTargetDependency */,
			);
			name = VMStackTests;
			productName = VMStackTests;
			productReference = D74ADE7B24E3411500C127A3 /* VMStackTests.xctest */;
			productType = "com.apple.product-type.bundle.unit-test";
		};
/* End PBXNativeTarget section */

/* Begin PBXProject section */
		D74ADE5D24E3410F00C127A3 /* Project object */ = {
			isa = PBXProject;
			attributes = {
				LastSwiftUpdateCheck = 1150;
				LastUpgradeCheck = 1150;
				ORGANIZATIONNAME = "Varvara Myronova";
				TargetAttributes = {
					D74ADE6424E3410F00C127A3 = {
						CreatedOnToolsVersion = 11.5;
					};
					D74ADE7A24E3411500C127A3 = {
						CreatedOnToolsVersion = 11.5;
						TestTargetID = D74ADE6424E3410F00C127A3;
					};
				};
			};
			buildConfigurationList = D74ADE6024E3410F00C127A3 /* Build configuration list for PBXProject "VMStack" */;
			compatibilityVersion = "Xcode 9.3";
			developmentRegion = en;
			hasScannedForEncodings = 0;
			knownRegions = (
				en,
				Base,
			);
			mainGroup = D74ADE5C24E3410F00C127A3;
			productRefGroup = D74ADE6624E3410F00C127A3 /* Products */;
			projectDirPath = "";
			projectRoot = "";
			targets = (
				D74ADE6424E3410F00C127A3 /* VMStack */,
				D74ADE7A24E3411500C127A3 /* VMStackTests */,
			);
		};
/* End PBXProject section */

/* Begin PBXResourcesBuildPhase section */
		D74ADE6324E3410F00C127A3 /* Resources */ = {
			isa = PBXResourcesBuildPhase;
			buildActionMask = 2147483647;
			files = (
				D77FE80C251E3B88001AC19A /* VMStack.podspec in Resources */,
				D74ADE7524E3411400C127A3 /* LaunchScreen.storyboard in Resources */,
				D74ADE7224E3411400C127A3 /* Assets.xcassets in Resources */,
				D74ADE7024E3411000C127A3 /* Main.storyboard in Resources */,
			);
			runOnlyForDeploymentPostprocessing = 0;
		};
		D74ADE7924E3411500C127A3 /* Resources */ = {
			isa = PBXResourcesBuildPhase;
			buildActionMask = 2147483647;
			files = (
			);
			runOnlyForDeploymentPostprocessing = 0;
		};
/* End PBXResourcesBuildPhase section */

/* Begin PBXSourcesBuildPhase section */
		D74ADE6124E3410F00C127A3 /* Sources */ = {
			isa = PBXSourcesBuildPhase;
			buildActionMask = 2147483647;
			files = (
				D74ADE8B24E3412B00C127A3 /* VMStack.swift in Sources */,
				D7562C9A24FEF3BD009B9474 /* VMSortableStack.swift in Sources */,
				D74ADE6924E3411000C127A3 /* AppDelegate.swift in Sources */,
			);
			runOnlyForDeploymentPostprocessing = 0;
		};
		D74ADE7724E3411500C127A3 /* Sources */ = {
			isa = PBXSourcesBuildPhase;
			buildActionMask = 2147483647;
			files = (
				D74ADE8024E3411500C127A3 /* VMStackTests.swift in Sources */,
			);
			runOnlyForDeploymentPostprocessing = 0;
		};
/* End PBXSourcesBuildPhase section */

/* Begin PBXTargetDependency section */
		D74ADE7D24E3411500C127A3 /* PBXTargetDependency */ = {
			isa = PBXTargetDependency;
			target = D74ADE6424E3410F00C127A3 /* VMStack */;
			targetProxy = D74ADE7C24E3411500C127A3 /* PBXContainerItemProxy */;
		};
/* End PBXTargetDependency section */

/* Begin PBXVariantGroup section */
		D74ADE6E24E3411000C127A3 /* Main.storyboard */ = {
			isa = PBXVariantGroup;
			children = (
				D74ADE6F24E3411000C127A3 /* Base */,
			);
			name = Main.storyboard;
			sourceTree = "<group>";
		};
		D74ADE7324E3411400C127A3 /* LaunchScreen.storyboard */ = {
			isa = PBXVariantGroup;
			children = (
				D74ADE7424E3411400C127A3 /* Base */,
			);
			name = LaunchScreen.storyboard;
			sourceTree = "<group>";
		};
/* End PBXVariantGroup section */

/* Begin XCBuildConfiguration section */
		D74ADE8224E3411500C127A3 /* Debug */ = {
			isa = XCBuildConfiguration;
			buildSettings = {
				ALWAYS_SEARCH_USER_PATHS = NO;
				CLANG_ANALYZER_NONNULL = YES;
				CLANG_ANALYZER_NUMBER_OBJECT_CONVERSION = YES_AGGRESSIVE;
				CLANG_CXX_LANGUAGE_STANDARD = "gnu++14";
				CLANG_CXX_LIBRARY = "libc++";
				CLANG_ENABLE_MODULES = YES;
				CLANG_ENABLE_OBJC_ARC = YES;
				CLANG_ENABLE_OBJC_WEAK = YES;
				CLANG_WARN_BLOCK_CAPTURE_AUTORELEASING = YES;
				CLANG_WARN_BOOL_CONVERSION = YES;
				CLANG_WARN_COMMA = YES;
				CLANG_WARN_CONSTANT_CONVERSION = YES;
				CLANG_WARN_DEPRECATED_OBJC_IMPLEMENTATIONS = YES;
				CLANG_WARN_DIRECT_OBJC_ISA_USAGE = YES_ERROR;
				CLANG_WARN_DOCUMENTATION_COMMENTS = YES;
				CLANG_WARN_EMPTY_BODY = YES;
				CLANG_WARN_ENUM_CONVERSION = YES;
				CLANG_WARN_INFINITE_RECURSION = YES;
				CLANG_WARN_INT_CONVERSION = YES;
				CLANG_WARN_NON_LITERAL_NULL_CONVERSION = YES;
				CLANG_WARN_OBJC_IMPLICIT_RETAIN_SELF = YES;
				CLANG_WARN_OBJC_LITERAL_CONVERSION = YES;
				CLANG_WARN_OBJC_ROOT_CLASS = YES_ERROR;
				CLANG_WARN_RANGE_LOOP_ANALYSIS = YES;
				CLANG_WARN_STRICT_PROTOTYPES = YES;
				CLANG_WARN_SUSPICIOUS_MOVE = YES;
				CLANG_WARN_UNGUARDED_AVAILABILITY = YES_AGGRESSIVE;
				CLANG_WARN_UNREACHABLE_CODE = YES;
				CLANG_WARN__DUPLICATE_METHOD_MATCH = YES;
				COPY_PHASE_STRIP = NO;
				DEBUG_INFORMATION_FORMAT = dwarf;
				ENABLE_STRICT_OBJC_MSGSEND = YES;
				ENABLE_TESTABILITY = YES;
				GCC_C_LANGUAGE_STANDARD = gnu11;
				GCC_DYNAMIC_NO_PIC = NO;
				GCC_NO_COMMON_BLOCKS = YES;
				GCC_OPTIMIZATION_LEVEL = 0;
				GCC_PREPROCESSOR_DEFINITIONS = (
					"DEBUG=1",
					"$(inherited)",
				);
				GCC_WARN_64_TO_32_BIT_CONVERSION = YES;
				GCC_WARN_ABOUT_RETURN_TYPE = YES_ERROR;
				GCC_WARN_UNDECLARED_SELECTOR = YES;
				GCC_WARN_UNINITIALIZED_AUTOS = YES_AGGRESSIVE;
				GCC_WARN_UNUSED_FUNCTION = YES;
				GCC_WARN_UNUSED_VARIABLE = YES;
				IPHONEOS_DEPLOYMENT_TARGET = 9.0;
				MTL_ENABLE_DEBUG_INFO = INCLUDE_SOURCE;
				MTL_FAST_MATH = YES;
				ONLY_ACTIVE_ARCH = YES;
				SDKROOT = iphoneos;
				SWIFT_ACTIVE_COMPILATION_CONDITIONS = DEBUG;
				SWIFT_OPTIMIZATION_LEVEL = "-Onone";
			};
			name = Debug;
		};
		D74ADE8324E3411500C127A3 /* Release */ = {
			isa = XCBuildConfiguration;
			buildSettings = {
				ALWAYS_SEARCH_USER_PATHS = NO;
				CLANG_ANALYZER_NONNULL = YES;
				CLANG_ANALYZER_NUMBER_OBJECT_CONVERSION = YES_AGGRESSIVE;
				CLANG_CXX_LANGUAGE_STANDARD = "gnu++14";
				CLANG_CXX_LIBRARY = "libc++";
				CLANG_ENABLE_MODULES = YES;
				CLANG_ENABLE_OBJC_ARC = YES;
				CLANG_ENABLE_OBJC_WEAK = YES;
				CLANG_WARN_BLOCK_CAPTURE_AUTORELEASING = YES;
				CLANG_WARN_BOOL_CONVERSION = YES;
				CLANG_WARN_COMMA = YES;
				CLANG_WARN_CONSTANT_CONVERSION = YES;
				CLANG_WARN_DEPRECATED_OBJC_IMPLEMENTATIONS = YES;
				CLANG_WARN_DIRECT_OBJC_ISA_USAGE = YES_ERROR;
				CLANG_WARN_DOCUMENTATION_COMMENTS = YES;
				CLANG_WARN_EMPTY_BODY = YES;
				CLANG_WARN_ENUM_CONVERSION = YES;
				CLANG_WARN_INFINITE_RECURSION = YES;
				CLANG_WARN_INT_CONVERSION = YES;
				CLANG_WARN_NON_LITERAL_NULL_CONVERSION = YES;
				CLANG_WARN_OBJC_IMPLICIT_RETAIN_SELF = YES;
				CLANG_WARN_OBJC_LITERAL_CONVERSION = YES;
				CLANG_WARN_OBJC_ROOT_CLASS = YES_ERROR;
				CLANG_WARN_RANGE_LOOP_ANALYSIS = YES;
				CLANG_WARN_STRICT_PROTOTYPES = YES;
				CLANG_WARN_SUSPICIOUS_MOVE = YES;
				CLANG_WARN_UNGUARDED_AVAILABILITY = YES_AGGRESSIVE;
				CLANG_WARN_UNREACHABLE_CODE = YES;
				CLANG_WARN__DUPLICATE_METHOD_MATCH = YES;
				COPY_PHASE_STRIP = NO;
				DEBUG_INFORMATION_FORMAT = "dwarf-with-dsym";
				ENABLE_NS_ASSERTIONS = NO;
				ENABLE_STRICT_OBJC_MSGSEND = YES;
				GCC_C_LANGUAGE_STANDARD = gnu11;
				GCC_NO_COMMON_BLOCKS = YES;
				GCC_WARN_64_TO_32_BIT_CONVERSION = YES;
				GCC_WARN_ABOUT_RETURN_TYPE = YES_ERROR;
				GCC_WARN_UNDECLARED_SELECTOR = YES;
				GCC_WARN_UNINITIALIZED_AUTOS = YES_AGGRESSIVE;
				GCC_WARN_UNUSED_FUNCTION = YES;
				GCC_WARN_UNUSED_VARIABLE = YES;
				IPHONEOS_DEPLOYMENT_TARGET = 9.0;
				MTL_ENABLE_DEBUG_INFO = NO;
				MTL_FAST_MATH = YES;
				SDKROOT = iphoneos;
				SWIFT_COMPILATION_MODE = wholemodule;
				SWIFT_OPTIMIZATION_LEVEL = "-O";
				VALIDATE_PRODUCT = YES;
			};
			name = Release;
		};
		D74ADE8524E3411500C127A3 /* Debug */ = {
			isa = XCBuildConfiguration;
			buildSettings = {
				ASSETCATALOG_COMPILER_APPICON_NAME = AppIcon;
				CODE_SIGN_STYLE = Automatic;
				DEVELOPMENT_TEAM = Z4W46D7MK3;
				INFOPLIST_FILE = VMStack/Info.plist;
				LD_RUNPATH_SEARCH_PATHS = (
					"$(inherited)",
					"@executable_path/Frameworks",
				);
				MARKETING_VERSION = 1.0.1;
				PRODUCT_BUNDLE_IDENTIFIER = com.varvaraMironova.VMStack;
				PRODUCT_NAME = "$(TARGET_NAME)";
				SWIFT_VERSION = 5.0;
				TARGETED_DEVICE_FAMILY = "1,2";
			};
			name = Debug;
		};
		D74ADE8624E3411500C127A3 /* Release */ = {
			isa = XCBuildConfiguration;
			buildSettings = {
				ASSETCATALOG_COMPILER_APPICON_NAME = AppIcon;
				CODE_SIGN_STYLE = Automatic;
				DEVELOPMENT_TEAM = Z4W46D7MK3;
				INFOPLIST_FILE = VMStack/Info.plist;
				LD_RUNPATH_SEARCH_PATHS = (
					"$(inherited)",
					"@executable_path/Frameworks",
				);
				MARKETING_VERSION = 1.0.1;
				PRODUCT_BUNDLE_IDENTIFIER = com.varvaraMironova.VMStack;
				PRODUCT_NAME = "$(TARGET_NAME)";
				SWIFT_VERSION = 5.0;
				TARGETED_DEVICE_FAMILY = "1,2";
			};
			name = Release;
		};
		D74ADE8824E3411500C127A3 /* Debug */ = {
			isa = XCBuildConfiguration;
			buildSettings = {
				ALWAYS_EMBED_SWIFT_STANDARD_LIBRARIES = YES;
				BUNDLE_LOADER = "$(TEST_HOST)";
				CODE_SIGN_STYLE = Automatic;
				DEVELOPMENT_TEAM = Z4W46D7MK3;
				INFOPLIST_FILE = VMStackTests/Info.plist;
				IPHONEOS_DEPLOYMENT_TARGET = 13.5;
				LD_RUNPATH_SEARCH_PATHS = (
					"$(inherited)",
					"@executable_path/Frameworks",
					"@loader_path/Frameworks",
				);
				PRODUCT_BUNDLE_IDENTIFIER = com.varvaraMironova.VMStackTests;
				PRODUCT_NAME = "$(TARGET_NAME)";
				SWIFT_VERSION = 5.0;
				TARGETED_DEVICE_FAMILY = "1,2";
				TEST_HOST = "$(BUILT_PRODUCTS_DIR)/VMStack.app/VMStack";
			};
			name = Debug;
		};
		D74ADE8924E3411500C127A3 /* Release */ = {
			isa = XCBuildConfiguration;
			buildSettings = {
				ALWAYS_EMBED_SWIFT_STANDARD_LIBRARIES = YES;
				BUNDLE_LOADER = "$(TEST_HOST)";
				CODE_SIGN_STYLE = Automatic;
				DEVELOPMENT_TEAM = Z4W46D7MK3;
				INFOPLIST_FILE = VMStackTests/Info.plist;
				IPHONEOS_DEPLOYMENT_TARGET = 13.5;
				LD_RUNPATH_SEARCH_PATHS = (
					"$(inherited)",
					"@executable_path/Frameworks",
					"@loader_path/Frameworks",
				);
				PRODUCT_BUNDLE_IDENTIFIER = com.varvaraMironova.VMStackTests;
				PRODUCT_NAME = "$(TARGET_NAME)";
				SWIFT_VERSION = 5.0;
				TARGETED_DEVICE_FAMILY = "1,2";
				TEST_HOST = "$(BUILT_PRODUCTS_DIR)/VMStack.app/VMStack";
			};
			name = Release;
		};
/* End XCBuildConfiguration section */

/* Begin XCConfigurationList section */
		D74ADE6024E3410F00C127A3 /* Build configuration list for PBXProject "VMStack" */ = {
			isa = XCConfigurationList;
			buildConfigurations = (
				D74ADE8224E3411500C127A3 /* Debug */,
				D74ADE8324E3411500C127A3 /* Release */,
			);
			defaultConfigurationIsVisible = 0;
			defaultConfigurationName = Release;
		};
		D74ADE8424E3411500C127A3 /* Build configuration list for PBXNativeTarget "VMStack" */ = {
			isa = XCConfigurationList;
			buildConfigurations = (
				D74ADE8524E3411500C127A3 /* Debug */,
				D74ADE8624E3411500C127A3 /* Release */,
			);
			defaultConfigurationIsVisible = 0;
			defaultConfigurationName = Release;
		};
		D74ADE8724E3411500C127A3 /* Build configuration list for PBXNativeTarget "VMStackTests" */ = {
			isa = XCConfigurationList;
			buildConfigurations = (
				D74ADE8824E3411500C127A3 /* Debug */,
				D74ADE8924E3411500C127A3 /* Release */,
			);
			defaultConfigurationIsVisible = 0;
			defaultConfigurationName = Release;
		};
/* End XCConfigurationList section */
	};
	rootObject = D74ADE5D24E3410F00C127A3 /* Project object */;
}
